
Microsoft Visual Studio Solution File, Format Version 12.00
# Visual Studio Version 17
VisualStudioVersion = 17.5.002.0
MinimumVisualStudioVersion = 10.0.40219.1
Project("{9A19103F-16F7-4668-BE54-9A1E7A4F7556}") = "az204-auth", "az204-auth.csproj", "{E6199870-7893-481B-ADE7-FFBE89EB1781}"
EndProject
Global
	GlobalSection(SolutionConfigurationPlatforms) = preSolution
		Debug|Any CPU = Debug|Any CPU
		Release|Any CPU = Release|Any CPU
	EndGlobalSection
	GlobalSection(ProjectConfigurationPlatforms) = postSolution
		{E6199870-7893-481B-ADE7-FFBE89EB1781}.Debug|Any CPU.ActiveCfg = Debug|Any CPU
		{E6199870-7893-481B-ADE7-FFBE89EB1781}.Debug|Any CPU.Build.0 = Debug|Any CPU
		{E6199870-7893-481B-ADE7-FFBE89EB1781}.Release|Any CPU.ActiveCfg = Release|Any CPU
		{E6199870-7893-481B-ADE7-FFBE89EB1781}.Release|Any CPU.Build.0 = Release|Any CPU
	EndGlobalSection
	GlobalSection(SolutionProperties) = preSolution
		HideSolutionNode = FALSE
	EndGlobalSection
	GlobalSection(ExtensibilityGlobals) = postSolution
		SolutionGuid = {0FC82F44-C480-45F0-96CF-D35CD238B426}
	EndGlobalSection
EndGlobal
